
Microsoft Visual Studio Solution File, Format Version 12.00
# Visual Studio Version 16
VisualStudioVersion = 16.0.31624.102
MinimumVisualStudioVersion = 10.0.40219.1
Project("{FAE04EC0-301F-11D3-BF4B-00C04F79EFBC}") = "Practice", "Practice\Practice.csproj", "{03A656CE-12D5-48F8-8839-AF43629D88E8}"
EndProject
Project("{FAE04EC0-301F-11D3-BF4B-00C04F79EFBC}") = "OutKeyword", "OutKeyword\OutKeyword.csproj", "{97AE5CF4-2E76-42BF-95BE-1F4DA77800F4}"
EndProject
Project("{FAE04EC0-301F-11D3-BF4B-00C04F79EFBC}") = "Ref Keyword", "Ref Keyword\Ref Keyword.csproj", "{561D4B37-2F7A-4B02-90A5-FD359536148D}"
EndProject
Global
	GlobalSection(SolutionConfigurationPlatforms) = preSolution
		Debug|Any CPU = Debug|Any CPU
		Release|Any CPU = Release|Any CPU
	EndGlobalSection
	GlobalSection(ProjectConfigurationPlatforms) = postSolution
		{03A656CE-12D5-48F8-8839-AF43629D88E8}.Debug|Any CPU.ActiveCfg = Debug|Any CPU
		{03A656CE-12D5-48F8-8839-AF43629D88E8}.Debug|Any CPU.Build.0 = Debug|Any CPU
		{03A656CE-12D5-48F8-8839-AF43629D88E8}.Release|Any CPU.ActiveCfg = Release|Any CPU
		{03A656CE-12D5-48F8-8839-AF43629D88E8}.Release|Any CPU.Build.0 = Release|Any CPU
		{97AE5CF4-2E76-42BF-95BE-1F4DA77800F4}.Debug|Any CPU.ActiveCfg = Debug|Any CPU
		{97AE5CF4-2E76-42BF-95BE-1F4DA77800F4}.Debug|Any CPU.Build.0 = Debug|Any CPU
		{97AE5CF4-2E76-42BF-95BE-1F4DA77800F4}.Release|Any CPU.ActiveCfg = Release|Any CPU
		{97AE5CF4-2E76-42BF-95BE-1F4DA77800F4}.Release|Any CPU.Build.0 = Release|Any CPU
		{561D4B37-2F7A-4B02-90A5-FD359536148D}.Debug|Any CPU.ActiveCfg = Debug|Any CPU
		{561D4B37-2F7A-4B02-90A5-FD359536148D}.Debug|Any CPU.Build.0 = Debug|Any CPU
		{561D4B37-2F7A-4B02-90A5-FD359536148D}.Release|Any CPU.ActiveCfg = Release|Any CPU
		{561D4B37-2F7A-4B02-90A5-FD359536148D}.Release|Any CPU.Build.0 = Release|Any CPU
	EndGlobalSection
	GlobalSection(SolutionProperties) = preSolution
		HideSolutionNode = FALSE
	EndGlobalSection
	GlobalSection(ExtensibilityGlobals) = postSolution
		SolutionGuid = {03871516-94CB-48DD-9D9B-B6C03F442AA2}
	EndGlobalSection
EndGlobal
